
Microsoft Visual Studio Solution File, Format Version 12.00
Project("{FAE04EC0-301F-11D3-BF4B-00C04F79EFBC}") = "WebApplication1", "WebApplication1\WebApplication1.csproj", "{D29D43B9-A935-4082-AC86-018DF01840AD}"
EndProject
Global
	GlobalSection(SolutionConfigurationPlatforms) = preSolution
		Debug|Any CPU = Debug|Any CPU
		Release|Any CPU = Release|Any CPU
	EndGlobalSection
	GlobalSection(ProjectConfigurationPlatforms) = postSolution
		{D29D43B9-A935-4082-AC86-018DF01840AD}.Debug|Any CPU.ActiveCfg = Debug|Any CPU
		{D29D43B9-A935-4082-AC86-018DF01840AD}.Debug|Any CPU.Build.0 = Debug|Any CPU
		{D29D43B9-A935-4082-AC86-018DF01840AD}.Release|Any CPU.ActiveCfg = Release|Any CPU
		{D29D43B9-A935-4082-AC86-018DF01840AD}.Release|Any CPU.Build.0 = Release|Any CPU
	EndGlobalSection
EndGlobal
